
Microsoft Visual Studio Solution File, Format Version 12.00
# Visual Studio Version 17
VisualStudioVersion = 17.8.34525.116
MinimumVisualStudioVersion = 10.0.40219.1
Project("{FAE04EC0-301F-11D3-BF4B-00C04F79EFBC}") = "Pri.Generics.Cons", "Pri.Generics.Cons\Pri.Generics.Cons.csproj", "{D1D792BB-47CA-4ADE-863A-DC22208CCFD4}"
EndProject
Global
	GlobalSection(SolutionConfigurationPlatforms) = preSolution
		Debug|Any CPU = Debug|Any CPU
		Release|Any CPU = Release|Any CPU
	EndGlobalSection
	GlobalSection(ProjectConfigurationPlatforms) = postSolution
		{D1D792BB-47CA-4ADE-863A-DC22208CCFD4}.Debug|Any CPU.ActiveCfg = Debug|Any CPU
		{D1D792BB-47CA-4ADE-863A-DC22208CCFD4}.Debug|Any CPU.Build.0 = Debug|Any CPU
		{D1D792BB-47CA-4ADE-863A-DC22208CCFD4}.Release|Any CPU.ActiveCfg = Release|Any CPU
		{D1D792BB-47CA-4ADE-863A-DC22208CCFD4}.Release|Any CPU.Build.0 = Release|Any CPU
	EndGlobalSection
	GlobalSection(SolutionProperties) = preSolution
		HideSolutionNode = FALSE
	EndGlobalSection
	GlobalSection(ExtensibilityGlobals) = postSolution
		SolutionGuid = {6BE9E90E-8526-432A-8D89-5A44C50A78C3}
	EndGlobalSection
EndGlobal
